# Generated by pub
# See https://dart.dev/tools/pub/glossary#lockfile
packages:
  adaptive_breakpoints:
    dependency: transitive
    description:
      name: adaptive_breakpoints
      sha256: "3aa6ef09074fe7824dfdc9a6d9f955c8a3bae0fb71c495cbd72f471a87699b4f"
      url: "https://pub.dev"
    source: hosted
    version: "0.1.6"
  adaptive_navigation:
    dependency: "direct main"
    description:
      name: adaptive_navigation
      sha256: "271d3e54147ce37b389c3d7d19777b4340e4ccd440d0349457c8b8db197b1c41"
      url: "https://pub.dev"
    source: hosted
    version: "0.0.9"
  archive:
    dependency: transitive
    description:
      name: archive
      sha256: e0902a06f0e00414e4e3438a084580161279f137aeb862274710f29ec10cf01e
      url: "https://pub.dev"
    source: hosted
    version: "3.3.9"
  args:
    dependency: transitive
    description:
      name: args
      sha256: eef6c46b622e0494a36c5a12d10d77fb4e855501a91c1b9ef9339326e58f0596
      url: "https://pub.dev"
    source: hosted
    version: "2.4.2"
  async:
    dependency: transitive
    description:
      name: async
      sha256: "947bfcf187f74dbc5e146c9eb9c0f10c9f8b30743e341481c1e2ed3ecc18c20c"
      url: "https://pub.dev"
    source: hosted
    version: "2.11.0"
  boolean_selector:
    dependency: transitive
    description:
      name: boolean_selector
      sha256: "6cfb5af12253eaf2b368f07bacc5a80d1301a071c73360d746b7f2e32d762c66"
      url: "https://pub.dev"
    source: hosted
    version: "2.1.1"
  characters:
    dependency: transitive
    description:
      name: characters
      sha256: "04a925763edad70e8443c99234dc3328f442e811f1d8fd1a72f1c8ad0f69a605"
      url: "https://pub.dev"
    source: hosted
    version: "1.3.0"
  checked_yaml:
    dependency: transitive
    description:
      name: checked_yaml
      sha256: feb6bed21949061731a7a75fc5d2aa727cf160b91af9a3e464c5e3a32e28b5ff
      url: "https://pub.dev"
    source: hosted
    version: "2.0.3"
  cli_util:
    dependency: transitive
    description:
      name: cli_util
      sha256: "66f86e916d285c1a93d3b79587d94bd71984a66aac4ff74e524cfa7877f1395c"
      url: "https://pub.dev"
    source: hosted
    version: "0.3.5"
  clock:
    dependency: transitive
    description:
      name: clock
      sha256: cb6d7f03e1de671e34607e909a7213e31d7752be4fb66a86d29fe1eb14bfb5cf
      url: "https://pub.dev"
    source: hosted
    version: "1.1.1"
  collection:
    dependency: transitive
    description:
      name: collection
      sha256: f092b211a4319e98e5ff58223576de6c2803db36221657b46c82574721240687
      url: "https://pub.dev"
    source: hosted
    version: "1.17.2"
  community_material_icon:
    dependency: "direct main"
    description:
      name: community_material_icon
      sha256: bb389689f6278158d7b9d9b0c9433e603933283104fea226594590f61503fd08
      url: "https://pub.dev"
    source: hosted
    version: "5.9.55"
  convert:
    dependency: transitive
    description:
      name: convert
      sha256: "0f08b14755d163f6e2134cb58222dd25ea2a2ee8a195e53983d57c075324d592"
      url: "https://pub.dev"
    source: hosted
    version: "3.1.1"
  crypto:
    dependency: transitive
    description:
      name: crypto
      sha256: ff625774173754681d66daaf4a448684fb04b78f902da9cb3d308c19cc5e8bab
      url: "https://pub.dev"
    source: hosted
    version: "3.0.3"
  csslib:
    dependency: transitive
    description:
      name: csslib
      sha256: "706b5707578e0c1b4b7550f64078f0a0f19dec3f50a178ffae7006b0a9ca58fb"
      url: "https://pub.dev"
    source: hosted
    version: "1.0.0"
  cupertino_icons:
    dependency: "direct main"
    description:
      name: cupertino_icons
      sha256: d57953e10f9f8327ce64a508a355f0b1ec902193f66288e8cb5070e7c47eeb2d
      url: "https://pub.dev"
    source: hosted
    version: "1.0.6"
  desktop_window:
    dependency: "direct main"
    description:
      name: desktop_window
      sha256: "6256fb6feb7b5ec1311c76a3503f89202825bfe92c0458ec5fe7a728ffa216d5"
      url: "https://pub.dev"
    source: hosted
    version: "0.4.0"
  fake_async:
    dependency: transitive
    description:
      name: fake_async
      sha256: "511392330127add0b769b75a987850d136345d9227c6b94c96a04cf4a391bf78"
      url: "https://pub.dev"
    source: hosted
    version: "1.3.1"
  ffi:
    dependency: transitive
    description:
      name: ffi
      sha256: "7bf0adc28a23d395f19f3f1eb21dd7cfd1dd9f8e1c50051c069122e6853bc878"
      url: "https://pub.dev"
    source: hosted
    version: "2.1.0"
  flutter:
    dependency: "direct main"
    description: flutter
    source: sdk
    version: "0.0.0"
  flutter_hooks:
    dependency: "direct main"
    description:
      name: flutter_hooks
      sha256: "6a126f703b89499818d73305e4ce1e3de33b4ae1c5512e3b8eab4b986f46774c"
      url: "https://pub.dev"
    source: hosted
    version: "0.18.6"
  flutter_launcher_icons:
    dependency: "direct dev"
    description:
      name: flutter_launcher_icons
      sha256: a9de6706cd844668beac27c0aed5910fa0534832b3c2cad61a5fd977fce82a5d
      url: "https://pub.dev"
    source: hosted
    version: "0.10.0"
  flutter_lints:
    dependency: "direct dev"
    description:
      name: flutter_lints
      sha256: a25a15ebbdfc33ab1cd26c63a6ee519df92338a9c10f122adda92938253bef04
      url: "https://pub.dev"
    source: hosted
    version: "2.0.3"
  flutter_native_splash:
    dependency: "direct dev"
    description:
      name: flutter_native_splash
      sha256: "6777a3abb974021a39b5fdd2d46a03ca390e03903b6351f21d10e7ecc969f12d"
      url: "https://pub.dev"
    source: hosted
    version: "2.2.16"
  flutter_riverpod:
    dependency: transitive
    description:
      name: flutter_riverpod
      sha256: "1bd39b04f1bcd217a969589777ca6bd642d116e3e5de65c3e6a8e8bdd8b178ec"
      url: "https://pub.dev"
    source: hosted
    version: "2.4.0"
  flutter_test:
    dependency: "direct dev"
    description: flutter
    source: sdk
    version: "0.0.0"
  flutter_web_plugins:
    dependency: transitive
    description: flutter
    source: sdk
    version: "0.0.0"
  google_fonts:
    dependency: "direct main"
    description:
      name: google_fonts
      sha256: e20ff62b158b96f392bfc8afe29dee1503c94fbea2cbe8186fd59b756b8ae982
      url: "https://pub.dev"
    source: hosted
    version: "5.1.0"
  hooks_riverpod:
    dependency: "direct main"
    description:
      name: hooks_riverpod
      sha256: ad7b877c3687e38764633d221a1f65491bc7a540e724101e9a404a84db2a4276
      url: "https://pub.dev"
    source: hosted
    version: "2.4.0"
  html:
    dependency: transitive
    description:
      name: html
      sha256: "3a7812d5bcd2894edf53dfaf8cd640876cf6cef50a8f238745c8b8120ea74d3a"
      url: "https://pub.dev"
    source: hosted
    version: "0.15.4"
  http:
    dependency: transitive
    description:
      name: http
      sha256: "759d1a329847dd0f39226c688d3e06a6b8679668e350e2891a6474f8b4bb8525"
      url: "https://pub.dev"
    source: hosted
    version: "1.1.0"
  http_parser:
    dependency: transitive
    description:
      name: http_parser
      sha256: "2aa08ce0341cc9b354a498388e30986515406668dbcc4f7c950c3e715496693b"
      url: "https://pub.dev"
    source: hosted
    version: "4.0.2"
  image:
    dependency: transitive
    description:
      name: image
      sha256: "8e9d133755c3e84c73288363e6343157c383a0c6c56fc51afcc5d4d7180306d6"
      url: "https://pub.dev"
    source: hosted
    version: "3.3.0"
  js:
    dependency: transitive
    description:
      name: js
      sha256: f2c445dce49627136094980615a031419f7f3eb393237e4ecd97ac15dea343f3
      url: "https://pub.dev"
    source: hosted
    version: "0.6.7"
  json_annotation:
    dependency: transitive
    description:
      name: json_annotation
      sha256: b10a7b2ff83d83c777edba3c6a0f97045ddadd56c944e1a23a3fdf43a1bf4467
      url: "https://pub.dev"
    source: hosted
    version: "4.8.1"
  lints:
    dependency: transitive
    description:
      name: lints
      sha256: "0a217c6c989d21039f1498c3ed9f3ed71b354e69873f13a8dfc3c9fe76f1b452"
      url: "https://pub.dev"
    source: hosted
    version: "2.1.1"
  matcher:
    dependency: transitive
    description:
      name: matcher
      sha256: "1803e76e6653768d64ed8ff2e1e67bea3ad4b923eb5c56a295c3e634bad5960e"
      url: "https://pub.dev"
    source: hosted
    version: "0.12.16"
  material_color_utilities:
    dependency: transitive
    description:
      name: material_color_utilities
      sha256: "9528f2f296073ff54cb9fee677df673ace1218163c3bc7628093e7eed5203d41"
      url: "https://pub.dev"
    source: hosted
    version: "0.5.0"
  meta:
    dependency: transitive
    description:
      name: meta
      sha256: "3c74dbf8763d36539f114c799d8a2d87343b5067e9d796ca22b5eb8437090ee3"
      url: "https://pub.dev"
    source: hosted
    version: "1.9.1"
  mix:
    dependency: "direct main"
    description:
      path: ".."
      relative: true
    source: path
    version: "0.0.7"
  path:
    dependency: transitive
    description:
      name: path
      sha256: "8829d8a55c13fc0e37127c29fedf290c102f4e40ae94ada574091fe0ff96c917"
      url: "https://pub.dev"
    source: hosted
    version: "1.8.3"
  path_provider:
    dependency: transitive
    description:
      name: path_provider
      sha256: a1aa8aaa2542a6bc57e381f132af822420216c80d4781f7aa085ca3229208aaa
      url: "https://pub.dev"
    source: hosted
    version: "2.1.1"
  path_provider_android:
    dependency: transitive
    description:
      name: path_provider_android
      sha256: "6b8b19bd80da4f11ce91b2d1fb931f3006911477cec227cce23d3253d80df3f1"
      url: "https://pub.dev"
    source: hosted
    version: "2.2.0"
  path_provider_foundation:
    dependency: transitive
    description:
      name: path_provider_foundation
      sha256: "19314d595120f82aca0ba62787d58dde2cc6b5df7d2f0daf72489e38d1b57f2d"
      url: "https://pub.dev"
    source: hosted
    version: "2.3.1"
  path_provider_linux:
    dependency: transitive
    description:
      name: path_provider_linux
      sha256: f7a1fe3a634fe7734c8d3f2766ad746ae2a2884abe22e241a8b301bf5cac3279
      url: "https://pub.dev"
    source: hosted
    version: "2.2.1"
  path_provider_platform_interface:
    dependency: transitive
    description:
      name: path_provider_platform_interface
      sha256: "94b1e0dd80970c1ce43d5d4e050a9918fce4f4a775e6142424c30a29a363265c"
      url: "https://pub.dev"
    source: hosted
    version: "2.1.1"
  path_provider_windows:
    dependency: transitive
    description:
      name: path_provider_windows
      sha256: "8bc9f22eee8690981c22aa7fc602f5c85b497a6fb2ceb35ee5a5e5ed85ad8170"
      url: "https://pub.dev"
    source: hosted
    version: "2.2.1"
  petitparser:
    dependency: transitive
    description:
      name: petitparser
      sha256: cb3798bef7fc021ac45b308f4b51208a152792445cce0448c9a4ba5879dd8750
      url: "https://pub.dev"
    source: hosted
    version: "5.4.0"
  platform:
    dependency: transitive
    description:
      name: platform
      sha256: ae68c7bfcd7383af3629daafb32fb4e8681c7154428da4febcff06200585f102
      url: "https://pub.dev"
    source: hosted
    version: "3.1.2"
  plugin_platform_interface:
    dependency: transitive
    description:
      name: plugin_platform_interface
      sha256: da3fdfeccc4d4ff2da8f8c556704c08f912542c5fb3cf2233ed75372384a034d
      url: "https://pub.dev"
    source: hosted
    version: "2.1.6"
  pointycastle:
    dependency: transitive
    description:
      name: pointycastle
      sha256: "7c1e5f0d23c9016c5bbd8b1473d0d3fb3fc851b876046039509e18e0c7485f2c"
      url: "https://pub.dev"
    source: hosted
    version: "3.7.3"
  riverpod:
    dependency: transitive
    description:
      name: riverpod
      sha256: a600120d6f213a9922860eea1abc32597436edd5b2c4e73b91410f8c2af67d22
      url: "https://pub.dev"
    source: hosted
    version: "2.4.0"
  sky_engine:
    dependency: transitive
    description: flutter
    source: sdk
    version: "0.0.99"
  source_span:
    dependency: transitive
    description:
      name: source_span
      sha256: "53e943d4206a5e30df338fd4c6e7a077e02254531b138a15aec3bd143c1a8b3c"
      url: "https://pub.dev"
    source: hosted
    version: "1.10.0"
  stack_trace:
    dependency: transitive
    description:
      name: stack_trace
      sha256: c3c7d8edb15bee7f0f74debd4b9c5f3c2ea86766fe4178eb2a18eb30a0bdaed5
      url: "https://pub.dev"
    source: hosted
    version: "1.11.0"
  state_notifier:
    dependency: transitive
    description:
      name: state_notifier
      sha256: b8677376aa54f2d7c58280d5a007f9e8774f1968d1fb1c096adcb4792fba29bb
      url: "https://pub.dev"
    source: hosted
    version: "1.0.0"
  stream_channel:
    dependency: transitive
    description:
      name: stream_channel
      sha256: "83615bee9045c1d322bbbd1ba209b7a749c2cbcdcb3fdd1df8eb488b3279c1c8"
      url: "https://pub.dev"
    source: hosted
    version: "2.1.1"
  string_scanner:
    dependency: transitive
    description:
      name: string_scanner
      sha256: "556692adab6cfa87322a115640c11f13cb77b3f076ddcc5d6ae3c20242bedcde"
      url: "https://pub.dev"
    source: hosted
    version: "1.2.0"
  term_glyph:
    dependency: transitive
    description:
      name: term_glyph
      sha256: a29248a84fbb7c79282b40b8c72a1209db169a2e0542bce341da992fe1bc7e84
      url: "https://pub.dev"
    source: hosted
    version: "1.2.1"
  test_api:
    dependency: transitive
    description:
      name: test_api
      sha256: "75760ffd7786fffdfb9597c35c5b27eaeec82be8edfb6d71d32651128ed7aab8"
      url: "https://pub.dev"
    source: hosted
    version: "0.6.0"
  typed_data:
    dependency: transitive
    description:
      name: typed_data
      sha256: facc8d6582f16042dd49f2463ff1bd6e2c9ef9f3d5da3d9b087e244a7b564b3c
      url: "https://pub.dev"
    source: hosted
    version: "1.3.2"
  universal_io:
    dependency: transitive
    description:
      name: universal_io
      sha256: "1722b2dcc462b4b2f3ee7d188dad008b6eb4c40bbd03a3de451d82c78bba9aad"
      url: "https://pub.dev"
    source: hosted
    version: "2.2.2"
  vector_math:
    dependency: transitive
    description:
      name: vector_math
      sha256: "80b3257d1492ce4d091729e3a67a60407d227c27241d6927be0130c98e741803"
      url: "https://pub.dev"
    source: hosted
    version: "2.1.4"
  web:
    dependency: transitive
    description:
      name: web
      sha256: dc8ccd225a2005c1be616fe02951e2e342092edf968cf0844220383757ef8f10
      url: "https://pub.dev"
    source: hosted
    version: "0.1.4-beta"
  win32:
    dependency: transitive
    description:
      name: win32
      sha256: "9e82a402b7f3d518fb9c02d0e9ae45952df31b9bf34d77baf19da2de03fc2aaa"
      url: "https://pub.dev"
    source: hosted
    version: "5.0.7"
  xdg_directories:
    dependency: transitive
    description:
      name: xdg_directories
      sha256: "589ada45ba9e39405c198fe34eb0f607cddb2108527e658136120892beac46d2"
      url: "https://pub.dev"
    source: hosted
    version: "1.0.3"
  xml:
    dependency: transitive
    description:
      name: xml
      sha256: "5bc72e1e45e941d825fd7468b9b4cc3b9327942649aeb6fc5cdbf135f0a86e84"
      url: "https://pub.dev"
    source: hosted
    version: "6.3.0"
  yaml:
    dependency: transitive
    description:
      name: yaml
      sha256: "75769501ea3489fca56601ff33454fe45507ea3bfb014161abc3b43ae25989d5"
      url: "https://pub.dev"
    source: hosted
    version: "3.1.2"
sdks:
  dart: ">=3.1.0-185.0.dev <4.0.0"
  flutter: ">=3.7.0"
